# THIS IS AN AUTOGENERATED FILE. DO NOT EDIT THIS FILE DIRECTLY.
assets/cbox_border1.png:
  development: 2017-09-16T13:46:23-04:00   416e964cc063395fc2db26e463987609
assets/cbox_border2.png:
  development: 2017-09-16T13:46:23-04:00   50cdcf6bc41aeac05c43095f4074f6f4
assets/ico-checkout-lock-contrasty.png:
  development: 2017-09-16T13:46:23-04:00   1f484cbe4b640dbc3f4a738c54bdfaf4
assets/jquery.currencies.min.js:
  development: 2017-09-16T13:46:23-04:00   943efed204a70445a6c9c29db6c107b0
assets/loading.gif:
  development: 2017-09-16T13:46:23-04:00   f573a8f87f8700150c2e086b3b94dff9
assets/styles.scss.liquid:
  development: 2017-09-16T13:46:23-04:00   332fbaccb977bb7cca0717ae7cede2b0
assets/theme.js.liquid:
  development: 2017-09-16T13:46:24-04:00   c630272ce5b232e0afc291d340c4aedc
assets/vendor.js:
  development: 2017-09-16T13:46:24-04:00   be52064fe915560abbd26a84cd226841
config/settings_data.json:
  development: 2017-09-16T13:46:22-04:00   e91546ce7d83fdf646192b0cf6760b8b
config/settings_schema.json:
  development: 2017-09-16T13:46:24-04:00   7dc5f1b84438a8a4aaf9e3c49c1adae7
layout/theme.liquid:
  development: 2017-09-16T13:46:24-04:00   9ef78b8061b9ca34d36ae16efca3f545
locales/en.default.json:
  development: 2017-09-16T13:46:24-04:00   53338565085b55ab3672934bd85c7699
sections/article-template.liquid:
  development: 2017-09-16T13:46:22-04:00   9754f403576a3d067169fd6e62db99fc
sections/blog-template.liquid:
  development: 2017-09-16T13:46:22-04:00   f147a9f9ef265834844a6ba4b23c6737
sections/cart-template.liquid:
  development: 2017-09-16T13:46:22-04:00   64a22c55b7fbb6c2e99ffc12bf5a9750
sections/collection-template.liquid:
  development: 2017-09-16T13:46:22-04:00   7cc2ad1606ac99e8f44e3b0c1bbd430b
sections/featured-collections.liquid:
  development: 2017-09-16T13:46:22-04:00   4e4ed791badd859b419dbb27116d4888
sections/featured-products.liquid:
  development: 2017-09-16T13:46:22-04:00   cc9860bc9826565685f4a7e7e32269c6
sections/featured-text.liquid:
  development: 2017-09-16T13:46:22-04:00   b7a7bb6d61b4d94c08fbf59f2e823af3
sections/footer.liquid:
  development: 2017-09-16T13:46:22-04:00   bbc4b973779a14f2e63c24caf0d84597
sections/header.liquid:
  development: 2017-09-16T13:46:22-04:00   e64f89afc6dab7a49a8a860570a306df
sections/hypervisual-page.liquid:
  development: 2017-09-16T13:46:22-04:00   890e757c4f014288b5ca86e8173e3145
sections/image-beside-image.liquid:
  development: 2017-09-16T13:46:22-04:00   43022cb9ec68972bec70f21c42cd63ca
sections/instagram.liquid:
  development: 2017-09-16T13:46:22-04:00   bb01677e52a68c25473bc145dfa7ceeb
sections/list-collections-template.liquid:
  development: 2017-09-16T13:46:22-04:00   28c930ed9bee1f4f60c1ea9f05352392
sections/newsletter-signup.liquid:
  development: 2017-09-16T13:46:22-04:00   c703b7449471f659e4ae80eff47f0884
sections/product-template.liquid:
  development: 2017-09-16T13:46:22-04:00   6d1ddd108ab87da1bda614b40d8dc362
sections/search-template.liquid:
  development: 2017-09-16T13:46:22-04:00   7c5975ab12c16e0d90be36f97ae4a5d8
sections/slideshow.liquid:
  development: 2017-09-16T13:46:22-04:00   669a423abc4eae9fbd0e4fe7d12a7d14
sections/text-beside-image.liquid:
  development: 2017-09-16T13:46:22-04:00   d8dc399a67f374bfd894fbc3d9da33cc
sections/text-over-image.liquid:
  development: 2017-09-16T13:46:22-04:00   18fb20423bad1a00be0f3262eaf550ec
sections/video.liquid:
  development: 2017-09-16T13:46:22-04:00   777c705812492f267c4abf31461f4683
snippets/collection-block.liquid:
  development: 2017-09-16T13:46:24-04:00   d73e0ad43b641e84ba9dbf89fa9d16a8
snippets/currencies-switcher.liquid:
  development: 2017-09-16T13:46:24-04:00   29d0838cf156d44f65fcb432781df93f
snippets/currencies.liquid:
  development: 2017-09-16T13:46:24-04:00   8f90354101e114e80af5c1fcafea802e
snippets/google-fonts-import.liquid:
  development: 2017-09-16T13:46:24-04:00   06ccdafee709cabc0daaef93617f764e
snippets/hypervisual.liquid:
  development: 2017-09-16T13:46:24-04:00   2ed5f0ba8c03062e02caea61373e5539
snippets/modal-horizontal-nav.liquid:
  development: 2017-09-16T13:46:24-04:00   ae8db50ad6a12e1e6dc604fffc3665e1
snippets/onboarding-collection-block.liquid:
  development: 2017-09-16T13:46:24-04:00   bf671605c0ed21bd5db3821a6ea1d234
snippets/onboarding-product-block.liquid:
  development: 2017-09-16T13:46:24-04:00   e7ff78f3da4030c9aaf44d0e8d39f9d1
snippets/open-graph-tags.liquid:
  development: 2017-09-16T13:46:24-04:00   4118e8e1374dd59fd360f901af963350
snippets/page-background.liquid:
  development: 2017-09-16T13:46:24-04:00   d2b7d67c922b7a373afae52dd969b55c
snippets/product-block.liquid:
  development: 2017-09-16T13:46:24-04:00   a151de89a835b3f42f50627e9b9004d7
snippets/recursive-navigation-helper.liquid:
  development: 2017-09-16T13:46:24-04:00   cc9d3002a6084fee92d1ec30a0b5594b
snippets/related-products.liquid:
  development: 2017-09-16T13:46:24-04:00   6dd8b698c9e7c2e160c424e0194575be
snippets/social-links.liquid:
  development: 2017-09-16T13:46:24-04:00   ddd46e149ef8232a82c027ceb2e26414
snippets/social-sharing.liquid:
  development: 2017-09-16T13:46:24-04:00   b7788721ad39ba5e2d18ea4728108813
snippets/split_images_from_content.liquid:
  development: 2017-09-16T13:46:24-04:00   75f78b7ee3be9583da1bf398fdf3e9b2
snippets/svg-add.liquid:
  development: 2017-09-16T13:46:24-04:00   5b2fe2c78455fcf256e60f800aa772cc
snippets/svg-cart.liquid:
  development: 2017-09-16T13:46:24-04:00   87f580484269d0b5fa84f54c8321ea7e
snippets/svg-chevron-left.liquid:
  development: 2017-09-16T13:46:24-04:00   6cd17be4526b100160139e0dfa0584c7
snippets/svg-chevron-right.liquid:
  development: 2017-09-16T13:46:24-04:00   d87c0294e6f0034aaa425ff3ed6e7025
snippets/svg-close.liquid:
  development: 2017-09-16T13:46:24-04:00   b5e44df349167e0ddbb9df987f0ad3f3
snippets/svg-email.liquid:
  development: 2017-09-16T13:46:24-04:00   4299bd8e72a7c9e711ad4ba324621948
snippets/svg-facebook.liquid:
  development: 2017-09-16T13:46:24-04:00   bd545649043ed4f29eccf2d1fcb6ab5b
snippets/svg-gallery.liquid:
  development: 2017-09-16T13:46:24-04:00   f080de9120db74cf433fe81ec5317b87
snippets/svg-google-plus.liquid:
  development: 2017-09-16T13:46:24-04:00   db44176be06a771ce7c82e39aceac411
snippets/svg-instagram.liquid:
  development: 2017-09-16T13:46:24-04:00   fb0d7a347cc26019c5339527631ce0fd
snippets/svg-larrow.liquid:
  development: 2017-09-16T13:46:24-04:00   999212932a7a33fc63f13f9b394e538d
snippets/svg-menu.liquid:
  development: 2017-09-16T13:46:24-04:00   478ba43db08695fb35e9ddb69823807f
snippets/svg-pinterest.liquid:
  development: 2017-09-16T13:46:25-04:00   c7d59f067b24e00b4269e01b743c5dd1
snippets/svg-rarrow.liquid:
  development: 2017-09-16T13:46:25-04:00   63e4eb82a1645496a538a9a5a17076b8
snippets/svg-rss.liquid:
  development: 2017-09-16T13:46:25-04:00   5ec010ebedfe7033af23b77953228b4a
snippets/svg-search.liquid:
  development: 2017-09-16T13:46:25-04:00   5a670362dd12d47d76f853b0c8f3ae78
snippets/svg-share.liquid:
  development: 2017-09-16T13:46:25-04:00   93852c470fab72add129931ad3e26928
snippets/svg-tumblr.liquid:
  development: 2017-09-16T13:46:25-04:00   84f8eea0e35a515849847291aca80153
snippets/svg-twitter.liquid:
  development: 2017-09-16T13:46:25-04:00   4c84464febd7b4c6cb341f82003a3c6e
snippets/svg-vimeo.liquid:
  development: 2017-09-16T13:46:25-04:00   9c6e0eb1270b656d65bb8b22ae029839
snippets/svg-youtube.liquid:
  development: 2017-09-16T13:46:25-04:00   f882aa0f1c0daa5572373446cea04d2b
snippets/twitter-card.liquid:
  development: 2017-09-16T13:46:25-04:00   db0d1c01860b256c3f24f2aff0cb78c8
templates/404.liquid:
  development: 2017-09-16T13:46:25-04:00   e8b3160e55f2fab2c45f7f69702108e4
templates/article.liquid:
  development: 2017-09-16T13:46:25-04:00   732a3b3221f92385f2f274b4db69a5eb
templates/blog.liquid:
  development: 2017-09-16T13:46:25-04:00   91c2d9d1599982d4c708d47bf5fc6716
templates/cart.liquid:
  development: 2017-09-16T13:46:25-04:00   dde7ab169fa0692634291eb1d8661366
templates/collection.liquid:
  development: 2017-09-16T13:46:25-04:00   f5828c431b327122f87cad5793058a1d
templates/customers/account.liquid:
  development: 2017-09-16T13:46:25-04:00   5e1f71b39fe4568973bad85b44fe75b1
templates/customers/activate_account.liquid:
  development: 2017-09-16T13:46:25-04:00   728e938d2fe2efde22756f9b88d476a1
templates/customers/addresses.liquid:
  development: 2017-09-16T13:46:25-04:00   32b2006fe1877da6556fd35d35ef90c4
templates/customers/login.liquid:
  development: 2017-09-16T13:46:25-04:00   c80021295f2ddfafa94032836080bd21
templates/customers/order.liquid:
  development: 2017-09-16T13:46:25-04:00   a84f60deb44799d85928d5799ff87425
templates/customers/register.liquid:
  development: 2017-09-16T13:46:25-04:00   3df56e29ae9d77ed5defd8ef617808d0
templates/customers/reset_password.liquid:
  development: 2017-09-16T13:46:25-04:00   8fcb4ab02f194c158df68c489996d3c1
templates/gift_card.liquid:
  development: 2017-09-16T13:46:25-04:00   b43928f927a337a48e1b08c7c22a62ef
templates/index.liquid:
  development: 2017-09-16T13:46:25-04:00   5e9f9f56b8e2aaeac5eca1f1dc8b7571
templates/list-collections.liquid:
  development: 2017-09-16T13:46:25-04:00   06f4b766d9a7c4134c4c2fe97410db45
templates/page.contact.liquid:
  development: 2017-09-16T13:46:25-04:00   547fad1851fb01254b6a958f42ebab15
templates/page.hypervisual.liquid:
  development: 2017-09-16T13:46:25-04:00   afd9f8b775047defca81cd4f1ec433eb
templates/page.liquid:
  development: 2017-09-16T13:46:25-04:00   d6e61a964d8cc02857eb918a3c9d347c
templates/page.list-collections.liquid:
  development: 2017-09-16T13:46:25-04:00   d5b0b0f723729c0c208f07d68303f634
templates/page.shogun.liquid:
  development: 2017-09-16T13:46:25-04:00   493d8d110d07b1dd26e261506181c0b8
templates/password.liquid:
  development: 2017-09-16T13:46:25-04:00   ad46e033debd605f58883ed4d265f8b1
templates/product.hypervisual.liquid:
  development: 2017-09-16T13:46:25-04:00   afd9f8b775047defca81cd4f1ec433eb
templates/product.liquid:
  development: 2017-09-16T13:46:25-04:00   34af1573af53a733b39963e02d26ebed
templates/search.liquid:
  development: 2017-09-16T13:46:25-04:00   5385cb0f55a87cd4a8ac69ae441a2860
